
Microsoft Visual Studio Solution File, Format Version 12.00
# Visual Studio 15
Project("{FAE04EC0-301F-11D3-BF4B-00C04F79EFBC}") = "UnityEngine.UI", "UnityEngine.UI.csproj", "{D7947C07-1302-628C-EFDD-3098F2B4EEB8}"
EndProject
Project("{FAE04EC0-301F-11D3-BF4B-00C04F79EFBC}") = "Assembly-CSharp", "Assembly-CSharp.csproj", "{51B1639C-539C-BAD6-72EB-54DD8F7C6EEC}"
EndProject
Project("{FAE04EC0-301F-11D3-BF4B-00C04F79EFBC}") = "Unity.2D.Tilemap.Editor", "Unity.2D.Tilemap.Editor.csproj", "{909FA382-3558-5161-98AC-0AE1F00CBDB3}"
EndProject
Project("{FAE04EC0-301F-11D3-BF4B-00C04F79EFBC}") = "Unity.2D.Sprite.Editor", "Unity.2D.Sprite.Editor.csproj", "{572D5892-00E9-31DC-F3CB-A08AEF6262D6}"
EndProject
Project("{FAE04EC0-301F-11D3-BF4B-00C04F79EFBC}") = "UnityEditor.UI", "UnityEditor.UI.csproj", "{16398F69-5079-6E63-3244-1B1D681F8732}"
EndProject
Global
	GlobalSection(SolutionConfigurationPlatforms) = preSolution
		Debug|Any CPU = Debug|Any CPU
		Release|Any CPU = Release|Any CPU
	EndGlobalSection
	GlobalSection(ProjectConfigurationPlatforms) = postSolution
		{D7947C07-1302-628C-EFDD-3098F2B4EEB8}.Debug|Any CPU.ActiveCfg = Debug|Any CPU
		{D7947C07-1302-628C-EFDD-3098F2B4EEB8}.Debug|Any CPU.Build.0 = Debug|Any CPU
		{D7947C07-1302-628C-EFDD-3098F2B4EEB8}.Release|Any CPU.ActiveCfg = Release|Any CPU
		{D7947C07-1302-628C-EFDD-3098F2B4EEB8}.Release|Any CPU.Build.0 = Release|Any CPU
		{51B1639C-539C-BAD6-72EB-54DD8F7C6EEC}.Debug|Any CPU.ActiveCfg = Debug|Any CPU
		{51B1639C-539C-BAD6-72EB-54DD8F7C6EEC}.Debug|Any CPU.Build.0 = Debug|Any CPU
		{51B1639C-539C-BAD6-72EB-54DD8F7C6EEC}.Release|Any CPU.ActiveCfg = Release|Any CPU
		{51B1639C-539C-BAD6-72EB-54DD8F7C6EEC}.Release|Any CPU.Build.0 = Release|Any CPU
		{909FA382-3558-5161-98AC-0AE1F00CBDB3}.Debug|Any CPU.ActiveCfg = Debug|Any CPU
		{909FA382-3558-5161-98AC-0AE1F00CBDB3}.Debug|Any CPU.Build.0 = Debug|Any CPU
		{909FA382-3558-5161-98AC-0AE1F00CBDB3}.Release|Any CPU.ActiveCfg = Release|Any CPU
		{909FA382-3558-5161-98AC-0AE1F00CBDB3}.Release|Any CPU.Build.0 = Release|Any CPU
		{572D5892-00E9-31DC-F3CB-A08AEF6262D6}.Debug|Any CPU.ActiveCfg = Debug|Any CPU
		{572D5892-00E9-31DC-F3CB-A08AEF6262D6}.Debug|Any CPU.Build.0 = Debug|Any CPU
		{572D5892-00E9-31DC-F3CB-A08AEF6262D6}.Release|Any CPU.ActiveCfg = Release|Any CPU
		{572D5892-00E9-31DC-F3CB-A08AEF6262D6}.Release|Any CPU.Build.0 = Release|Any CPU
		{16398F69-5079-6E63-3244-1B1D681F8732}.Debug|Any CPU.ActiveCfg = Debug|Any CPU
		{16398F69-5079-6E63-3244-1B1D681F8732}.Debug|Any CPU.Build.0 = Debug|Any CPU
		{16398F69-5079-6E63-3244-1B1D681F8732}.Release|Any CPU.ActiveCfg = Release|Any CPU
		{16398F69-5079-6E63-3244-1B1D681F8732}.Release|Any CPU.Build.0 = Release|Any CPU
	EndGlobalSection
	GlobalSection(SolutionProperties) = preSolution
		HideSolutionNode = FALSE
	EndGlobalSection
EndGlobal
